
Microsoft Visual Studio Solution File, Format Version 12.00
# Visual Studio Version 17
VisualStudioVersion = 17.6.33723.286
MinimumVisualStudioVersion = 10.0.40219.1
Project("{FAE04EC0-301F-11D3-BF4B-00C04F79EFBC}") = "YoloV3 Object detection", "YoloV3 Object detection\YoloV3 Object detection.csproj", "{5D8C1463-AB12-40A6-85D2-A17BBCCAC7F6}"
EndProject
Global
	GlobalSection(SolutionConfigurationPlatforms) = preSolution
		Debug|Any CPU = Debug|Any CPU
		Release|Any CPU = Release|Any CPU
	EndGlobalSection
	GlobalSection(ProjectConfigurationPlatforms) = postSolution
		{5D8C1463-AB12-40A6-85D2-A17BBCCAC7F6}.Debug|Any CPU.ActiveCfg = Debug|Any CPU
		{5D8C1463-AB12-40A6-85D2-A17BBCCAC7F6}.Debug|Any CPU.Build.0 = Debug|Any CPU
		{5D8C1463-AB12-40A6-85D2-A17BBCCAC7F6}.Release|Any CPU.ActiveCfg = Release|Any CPU
		{5D8C1463-AB12-40A6-85D2-A17BBCCAC7F6}.Release|Any CPU.Build.0 = Release|Any CPU
	EndGlobalSection
	GlobalSection(SolutionProperties) = preSolution
		HideSolutionNode = FALSE
	EndGlobalSection
	GlobalSection(ExtensibilityGlobals) = postSolution
		SolutionGuid = {8C83B5BF-E357-45D2-B442-3CB2331F8B88}
	EndGlobalSection
EndGlobal
